
Microsoft Visual Studio Solution File, Format Version 12.00
# Visual Studio 15
VisualStudioVersion = 15.0.28307.852
MinimumVisualStudioVersion = 10.0.40219.1
Project("{FAE04EC0-301F-11D3-BF4B-00C04F79EFBC}") = "WebApplication2", "WebApplication2\WebApplication2.csproj", "{A2D0B876-6F4B-44C7-8AC4-ED3A31E7C7C2}"
EndProject
Global
	GlobalSection(SolutionConfigurationPlatforms) = preSolution
		Debug|Any CPU = Debug|Any CPU
		Release|Any CPU = Release|Any CPU
	EndGlobalSection
	GlobalSection(ProjectConfigurationPlatforms) = postSolution
		{A2D0B876-6F4B-44C7-8AC4-ED3A31E7C7C2}.Debug|Any CPU.ActiveCfg = Debug|Any CPU
		{A2D0B876-6F4B-44C7-8AC4-ED3A31E7C7C2}.Debug|Any CPU.Build.0 = Debug|Any CPU
		{A2D0B876-6F4B-44C7-8AC4-ED3A31E7C7C2}.Release|Any CPU.ActiveCfg = Release|Any CPU
		{A2D0B876-6F4B-44C7-8AC4-ED3A31E7C7C2}.Release|Any CPU.Build.0 = Release|Any CPU
	EndGlobalSection
	GlobalSection(SolutionProperties) = preSolution
		HideSolutionNode = FALSE
	EndGlobalSection
	GlobalSection(ExtensibilityGlobals) = postSolution
		SolutionGuid = {411074B4-3388-4812-9042-B5E3FC7CFD9D}
	EndGlobalSection
EndGlobal
